
Microsoft Visual Studio Solution File, Format Version 11.00
# Visual Studio 2010
# SharpDevelop 4.3
Project("{FAE04EC0-301F-11D3-BF4B-00C04F79EFBC}") = "practica3", "practica3\practica3.csproj", "{37211B0E-6426-4AE2-BA49-2D1F84A83521}"
EndProject
Global
	GlobalSection(SolutionConfigurationPlatforms) = preSolution
		Debug|Any CPU = Debug|Any CPU
		Release|Any CPU = Release|Any CPU
	EndGlobalSection
	GlobalSection(ProjectConfigurationPlatforms) = postSolution
		{37211B0E-6426-4AE2-BA49-2D1F84A83521}.Debug|Any CPU.Build.0 = Debug|Any CPU
		{37211B0E-6426-4AE2-BA49-2D1F84A83521}.Debug|Any CPU.ActiveCfg = Debug|Any CPU
		{37211B0E-6426-4AE2-BA49-2D1F84A83521}.Release|Any CPU.Build.0 = Release|Any CPU
		{37211B0E-6426-4AE2-BA49-2D1F84A83521}.Release|Any CPU.ActiveCfg = Release|Any CPU
	EndGlobalSection
EndGlobal
